
Microsoft Visual Studio Solution File, Format Version 12.00
# Visual Studio Version 16
VisualStudioVersion = 16.0.31702.278
MinimumVisualStudioVersion = 10.0.40219.1
Project("{9A19103F-16F7-4668-BE54-9A1E7A4F7556}") = "jokes", "jokes\jokes.csproj", "{794AB2C1-4711-4AB6-B5FC-1AD8CB38A3A0}"
EndProject
Project("{FAE04EC0-301F-11D3-BF4B-00C04F79EFBC}") = "Recipes", "Recipes\Recipes.csproj", "{D76CBD7D-B652-4367-A98B-3673968298A9}"
EndProject
Global
	GlobalSection(SolutionConfigurationPlatforms) = preSolution
		Debug|Any CPU = Debug|Any CPU
		Release|Any CPU = Release|Any CPU
	EndGlobalSection
	GlobalSection(ProjectConfigurationPlatforms) = postSolution
		{794AB2C1-4711-4AB6-B5FC-1AD8CB38A3A0}.Debug|Any CPU.ActiveCfg = Debug|Any CPU
		{794AB2C1-4711-4AB6-B5FC-1AD8CB38A3A0}.Debug|Any CPU.Build.0 = Debug|Any CPU
		{794AB2C1-4711-4AB6-B5FC-1AD8CB38A3A0}.Release|Any CPU.ActiveCfg = Release|Any CPU
		{794AB2C1-4711-4AB6-B5FC-1AD8CB38A3A0}.Release|Any CPU.Build.0 = Release|Any CPU
		{D76CBD7D-B652-4367-A98B-3673968298A9}.Debug|Any CPU.ActiveCfg = Debug|Any CPU
		{D76CBD7D-B652-4367-A98B-3673968298A9}.Debug|Any CPU.Build.0 = Debug|Any CPU
		{D76CBD7D-B652-4367-A98B-3673968298A9}.Release|Any CPU.ActiveCfg = Release|Any CPU
		{D76CBD7D-B652-4367-A98B-3673968298A9}.Release|Any CPU.Build.0 = Release|Any CPU
	EndGlobalSection
	GlobalSection(SolutionProperties) = preSolution
		HideSolutionNode = FALSE
	EndGlobalSection
	GlobalSection(ExtensibilityGlobals) = postSolution
		SolutionGuid = {7D1ACAAE-CDE8-4FAD-910F-4B87E1AFBCB3}
	EndGlobalSection
EndGlobal
